
Microsoft Visual Studio Solution File, Format Version 12.00
# Visual Studio Version 16
VisualStudioVersion = 16.0.29609.76
MinimumVisualStudioVersion = 10.0.40219.1
Project("{FAE04EC0-301F-11D3-BF4B-00C04F79EFBC}") = "Mandelbrot_Explorer", "Mandelbrot_Explorer\Mandelbrot_Explorer.csproj", "{58880EBF-DB2D-4D61-B8C6-5480FFF4F46C}"
EndProject
Global
	GlobalSection(SolutionConfigurationPlatforms) = preSolution
		Debug|Any CPU = Debug|Any CPU
		Release|Any CPU = Release|Any CPU
	EndGlobalSection
	GlobalSection(ProjectConfigurationPlatforms) = postSolution
		{58880EBF-DB2D-4D61-B8C6-5480FFF4F46C}.Debug|Any CPU.ActiveCfg = Debug|Any CPU
		{58880EBF-DB2D-4D61-B8C6-5480FFF4F46C}.Debug|Any CPU.Build.0 = Debug|Any CPU
		{58880EBF-DB2D-4D61-B8C6-5480FFF4F46C}.Release|Any CPU.ActiveCfg = Release|Any CPU
		{58880EBF-DB2D-4D61-B8C6-5480FFF4F46C}.Release|Any CPU.Build.0 = Release|Any CPU
	EndGlobalSection
	GlobalSection(SolutionProperties) = preSolution
		HideSolutionNode = FALSE
	EndGlobalSection
	GlobalSection(ExtensibilityGlobals) = postSolution
		SolutionGuid = {881F4874-47F4-441B-9CF2-4F56A580ED12}
	EndGlobalSection
EndGlobal
